
Microsoft Visual Studio Solution File, Format Version 12.00
# Visual Studio 2012
Project("{FAE04EC0-301F-11D3-BF4B-00C04F79EFBC}") = "SkyScraper", "src\SkyScraper\SkyScraper.csproj", "{E36E904E-2521-472F-88B4-D6F1F8E0D3B1}"
EndProject
Project("{FAE04EC0-301F-11D3-BF4B-00C04F79EFBC}") = "SkyScraper.Tests", "src\SkyScraper.Tests\SkyScraper.Tests.csproj", "{923D516F-D88E-425D-AFE0-5A42BC0B92F0}"
EndProject
Project("{2150E333-8FDC-42A3-9474-1A3956D46DE8}") = ".nuget", ".nuget", "{5BF99D1F-B9A0-40B2-B442-4E5EC81019AA}"
	ProjectSection(SolutionItems) = preProject
		.nuget\NuGet.Config = .nuget\NuGet.Config
		.nuget\NuGet.exe = .nuget\NuGet.exe
		.nuget\NuGet.targets = .nuget\NuGet.targets
	EndProjectSection
EndProject
Project("{FAE04EC0-301F-11D3-BF4B-00C04F79EFBC}") = "SkyScraper.IntegrationTests", "src\SkyScraper.IntegrationTests\SkyScraper.IntegrationTests.csproj", "{3CFB69DC-A6F1-44AF-A621-61F5DE2A39AA}"
EndProject
Project("{2150E333-8FDC-42A3-9474-1A3956D46DE8}") = "Tests", "Tests", "{FCBB2264-763D-4AAA-A3D0-0F13904A7BBF}"
EndProject
Project("{FAE04EC0-301F-11D3-BF4B-00C04F79EFBC}") = "SkyScraper.TestWebsite", "src\SkyScraper.TestWebsite\SkyScraper.TestWebsite.csproj", "{E57DCD40-C46F-4933-814E-6AFA263E616A}"
EndProject
Global
	GlobalSection(SolutionConfigurationPlatforms) = preSolution
		Debug|Any CPU = Debug|Any CPU
		Release|Any CPU = Release|Any CPU
	EndGlobalSection
	GlobalSection(ProjectConfigurationPlatforms) = postSolution
		{E36E904E-2521-472F-88B4-D6F1F8E0D3B1}.Debug|Any CPU.ActiveCfg = Debug|Any CPU
		{E36E904E-2521-472F-88B4-D6F1F8E0D3B1}.Debug|Any CPU.Build.0 = Debug|Any CPU
		{E36E904E-2521-472F-88B4-D6F1F8E0D3B1}.Release|Any CPU.ActiveCfg = Release|Any CPU
		{E36E904E-2521-472F-88B4-D6F1F8E0D3B1}.Release|Any CPU.Build.0 = Release|Any CPU
		{923D516F-D88E-425D-AFE0-5A42BC0B92F0}.Debug|Any CPU.ActiveCfg = Debug|Any CPU
		{923D516F-D88E-425D-AFE0-5A42BC0B92F0}.Debug|Any CPU.Build.0 = Debug|Any CPU
		{923D516F-D88E-425D-AFE0-5A42BC0B92F0}.Release|Any CPU.ActiveCfg = Release|Any CPU
		{923D516F-D88E-425D-AFE0-5A42BC0B92F0}.Release|Any CPU.Build.0 = Release|Any CPU
		{3CFB69DC-A6F1-44AF-A621-61F5DE2A39AA}.Debug|Any CPU.ActiveCfg = Debug|Any CPU
		{3CFB69DC-A6F1-44AF-A621-61F5DE2A39AA}.Debug|Any CPU.Build.0 = Debug|Any CPU
		{3CFB69DC-A6F1-44AF-A621-61F5DE2A39AA}.Release|Any CPU.ActiveCfg = Release|Any CPU
		{3CFB69DC-A6F1-44AF-A621-61F5DE2A39AA}.Release|Any CPU.Build.0 = Release|Any CPU
		{E57DCD40-C46F-4933-814E-6AFA263E616A}.Debug|Any CPU.ActiveCfg = Debug|Any CPU
		{E57DCD40-C46F-4933-814E-6AFA263E616A}.Debug|Any CPU.Build.0 = Debug|Any CPU
		{E57DCD40-C46F-4933-814E-6AFA263E616A}.Release|Any CPU.ActiveCfg = Release|Any CPU
		{E57DCD40-C46F-4933-814E-6AFA263E616A}.Release|Any CPU.Build.0 = Release|Any CPU
	EndGlobalSection
	GlobalSection(SolutionProperties) = preSolution
		HideSolutionNode = FALSE
	EndGlobalSection
	GlobalSection(NestedProjects) = preSolution
		{3CFB69DC-A6F1-44AF-A621-61F5DE2A39AA} = {FCBB2264-763D-4AAA-A3D0-0F13904A7BBF}
		{923D516F-D88E-425D-AFE0-5A42BC0B92F0} = {FCBB2264-763D-4AAA-A3D0-0F13904A7BBF}
		{E57DCD40-C46F-4933-814E-6AFA263E616A} = {FCBB2264-763D-4AAA-A3D0-0F13904A7BBF}
	EndGlobalSection
EndGlobal
